// !$*UTF8*$!
{
	archiveVersion = 1;
	classes = {
	};
	objectVersion = 48;
	objects = {

/* Begin PBXBuildFile section */
		BE0B002F1FB339AB00F2EDD9 /* DiskJockey.swift in Sources */ = {isa = PBXBuildFile; fileRef = BE1F69F41FB196CC007A9C1A /* DiskJockey.swift */; };
		BE1F69E01FB0AFBE007A9C1A /* PollutionAnnotation.swift in Sources */ = {isa = PBXBuildFile; fileRef = BE992FBF1FA2079A00727BC0 /* PollutionAnnotation.swift */; };
		BE1F69E11FB0AFE1007A9C1A /* DatabaseCaller.swift in Sources */ = {isa = PBXBuildFile; fileRef = BE992FC11FA20B4000727BC0 /* DatabaseCaller.swift */; };
		BE1F69E21FB0CF01007A9C1A /* CoordinateWizard.swift in Sources */ = {isa = PBXBuildFile; fileRef = BE56BCE61FA93A0000303B70 /* CoordinateWizard.swift */; };
		BE1F69F31FB190EE007A9C1A /* Station.swift in Sources */ = {isa = PBXBuildFile; fileRef = BE1F69F21FB190EE007A9C1A /* Station.swift */; };
		BE1F69F51FB196CC007A9C1A /* DiskJockey.swift in Sources */ = {isa = PBXBuildFile; fileRef = BE1F69F41FB196CC007A9C1A /* DiskJockey.swift */; };
		BE1F69F71FB1B1CB007A9C1A /* TableViewController.swift in Sources */ = {isa = PBXBuildFile; fileRef = BE1F69F61FB1B1CB007A9C1A /* TableViewController.swift */; };
		BE1F69F91FB1B3B7007A9C1A /* StationCell.swift in Sources */ = {isa = PBXBuildFile; fileRef = BE1F69F81FB1B3B7007A9C1A /* StationCell.swift */; };
		BE1F69FD1FB220EA007A9C1A /* State.swift in Sources */ = {isa = PBXBuildFile; fileRef = BE1F69FC1FB220EA007A9C1A /* State.swift */; };
		BE1F69FE1FB2D5B2007A9C1A /* SwiftRater.framework in Frameworks */ = {isa = PBXBuildFile; fileRef = BE1F69FF1FB2D5B2007A9C1A /* SwiftRater.framework */; };
		BE1F6A011FB2D828007A9C1A /* Notification.swift in Sources */ = {isa = PBXBuildFile; fileRef = BE1F6A001FB2D828007A9C1A /* Notification.swift */; };
		BE1F6A031FB2D91D007A9C1A /* NotificationManager.swift in Sources */ = {isa = PBXBuildFile; fileRef = BE1F6A021FB2D91D007A9C1A /* NotificationManager.swift */; };
		BE1F6A041FB313E1007A9C1A /* BRYXBanner.framework in Frameworks */ = {isa = PBXBuildFile; fileRef = BE1F6A051FB313E1007A9C1A /* BRYXBanner.framework */; };
		BE22C2181FA34D2B008D7659 /* Constants.swift in Sources */ = {isa = PBXBuildFile; fileRef = BE22C2171FA34D2B008D7659 /* Constants.swift */; };
		BE2BDDF01FB0AC1C0076EF4B /* PollutionDataEntry.swift in Sources */ = {isa = PBXBuildFile; fileRef = BE988FAF1FA1F015007C24CF /* PollutionDataEntry.swift */; };
		BE2BDDF11FB0AC1E0076EF4B /* PollutionMeasurement.swift in Sources */ = {isa = PBXBuildFile; fileRef = BE988FB11FA1F0FE007C24CF /* PollutionMeasurement.swift */; };
		BE2EC6281FAB61000052BF6A /* TabBarController.swift in Sources */ = {isa = PBXBuildFile; fileRef = BE2EC6271FAB61000052BF6A /* TabBarController.swift */; };
		BE2EC6311FAB65B70052BF6A /* TabBarExtension.swift in Sources */ = {isa = PBXBuildFile; fileRef = BE2EC6301FAB65B70052BF6A /* TabBarExtension.swift */; };
		BE4A2DBA1FB061AA00044D90 /* NotificationCenter.framework in Frameworks */ = {isa = PBXBuildFile; fileRef = BE4A2DB91FB061AA00044D90 /* NotificationCenter.framework */; };
		BE4A2DC41FB061AA00044D90 /* pollutionTodayExtension.appex in Embed App Extensions */ = {isa = PBXBuildFile; fileRef = BE4A2DB81FB061AA00044D90 /* pollutionTodayExtension.appex */; settings = {ATTRIBUTES = (RemoveHeadersOnCopy, ); }; };
		BE4A2DCC1FB07B2300044D90 /* WidgetTableController.swift in Sources */ = {isa = PBXBuildFile; fileRef = BE4A2DCB1FB07B2300044D90 /* WidgetTableController.swift */; };
		BE4A2DDC1FB0A49600044D90 /* MainInterface.storyboard in Resources */ = {isa = PBXBuildFile; fileRef = BE4A2DBE1FB061AA00044D90 /* MainInterface.storyboard */; };
		BE4A2DDD1FB0A5E500044D90 /* Constants.swift in Sources */ = {isa = PBXBuildFile; fileRef = BE22C2171FA34D2B008D7659 /* Constants.swift */; };
		BE4A2DDE1FB0A60900044D90 /* UIColorExtension.swift in Sources */ = {isa = PBXBuildFile; fileRef = BE9394B31FA9FFE40017407E /* UIColorExtension.swift */; };
		BE4A2DDF1FB0A7AF00044D90 /* UIViewExtension.swift in Sources */ = {isa = PBXBuildFile; fileRef = BE9394B11FA9FFC00017407E /* UIViewExtension.swift */; };
		BE4D909E1FA5E5D30080B812 /* SwiftSpinner.framework in Frameworks */ = {isa = PBXBuildFile; fileRef = BE4D909F1FA5E5D30080B812 /* SwiftSpinner.framework */; };
		BE4D90A01FA6177C0080B812 /* Dropper.framework in Frameworks */ = {isa = PBXBuildFile; fileRef = BE4D90A11FA6177C0080B812 /* Dropper.framework */; };
		BE50FBDF1FA4AB5400187750 /* Charts.framework in Frameworks */ = {isa = PBXBuildFile; fileRef = BE50FBE01FA4AB5400187750 /* Charts.framework */; };
		BE50FBE41FA4AC3F00187750 /* DetailController.swift in Sources */ = {isa = PBXBuildFile; fileRef = BE50FBE31FA4AC3F00187750 /* DetailController.swift */; };
		BE56BCE01FA9274A00303B70 /* Localizable.strings in Resources */ = {isa = PBXBuildFile; fileRef = BE56BCDE1FA9274A00303B70 /* Localizable.strings */; };
		BE56BCE51FA92C1C00303B70 /* DateTranslator.swift in Sources */ = {isa = PBXBuildFile; fileRef = BE56BCE41FA92C1C00303B70 /* DateTranslator.swift */; };
		BE56BCE71FA93A0000303B70 /* CoordinateWizard.swift in Sources */ = {isa = PBXBuildFile; fileRef = BE56BCE61FA93A0000303B70 /* CoordinateWizard.swift */; };
		BE62263F1FC05C7800D0C2B0 /* DTMHeatmap.framework in Frameworks */ = {isa = PBXBuildFile; fileRef = BE6226401FC05C7800D0C2B0 /* DTMHeatmap.framework */; };
		BE654B0E1FB492CB003284C6 /* StationCell.swift in Sources */ = {isa = PBXBuildFile; fileRef = BE1F69F81FB1B3B7007A9C1A /* StationCell.swift */; };
		BE654B0F1FB4930D003284C6 /* Station.swift in Sources */ = {isa = PBXBuildFile; fileRef = BE1F69F21FB190EE007A9C1A /* Station.swift */; };
		BE654B101FB493DC003284C6 /* Charts.framework in Frameworks */ = {isa = PBXBuildFile; fileRef = BE654B111FB493DC003284C6 /* Charts.framework */; };
		BE654B121FB494D6003284C6 /* State.swift in Sources */ = {isa = PBXBuildFile; fileRef = BE1F69FC1FB220EA007A9C1A /* State.swift */; };
		BE654B131FB4951B003284C6 /* DateTranslator.swift in Sources */ = {isa = PBXBuildFile; fileRef = BE56BCE41FA92C1C00303B70 /* DateTranslator.swift */; };
		BE70FA861FB4AFED006D48A7 /* WidgetTableController.swift in Sources */ = {isa = PBXBuildFile; fileRef = BE4A2DCB1FB07B2300044D90 /* WidgetTableController.swift */; };
		BE70FA871FB4E961006D48A7 /* Localizable.strings in Resources */ = {isa = PBXBuildFile; fileRef = BE56BCDE1FA9274A00303B70 /* Localizable.strings */; };
		BE70FA891FB4F317006D48A7 /* UINavigationBarExtension.swift in Sources */ = {isa = PBXBuildFile; fileRef = BE70FA881FB4F317006D48A7 /* UINavigationBarExtension.swift */; };
		BE8A4CFF1FB5EE5400255C2E /* SettingsController.swift in Sources */ = {isa = PBXBuildFile; fileRef = BE8A4CFE1FB5EE5400255C2E /* SettingsController.swift */; };
		BE8A4D021FB60EA600255C2E /* HiddenDatabaseCaller.swift in Sources */ = {isa = PBXBuildFile; fileRef = BE8A4D011FB60EA600255C2E /* HiddenDatabaseCaller.swift */; };
		BE8A4D031FB60F0700255C2E /* HiddenDatabaseCaller.swift in Sources */ = {isa = PBXBuildFile; fileRef = BE8A4D011FB60EA600255C2E /* HiddenDatabaseCaller.swift */; };
		BE900FC01FAB84A40023FF05 /* UIImageExtension.swift in Sources */ = {isa = PBXBuildFile; fileRef = BE900FBF1FAB84A40023FF05 /* UIImageExtension.swift */; };
		BE9394AE1FA9DB220017407E /* CustomMapOverlay.swift in Sources */ = {isa = PBXBuildFile; fileRef = BE9394AD1FA9DB220017407E /* CustomMapOverlay.swift */; };
		BE9394B01FA9DF7E0017407E /* CustomCircleRenderer.swift in Sources */ = {isa = PBXBuildFile; fileRef = BE9394AF1FA9DF7E0017407E /* CustomCircleRenderer.swift */; };
		BE9394B21FA9FFC00017407E /* UIViewExtension.swift in Sources */ = {isa = PBXBuildFile; fileRef = BE9394B11FA9FFC00017407E /* UIViewExtension.swift */; };
		BE9394B41FA9FFE40017407E /* UIColorExtension.swift in Sources */ = {isa = PBXBuildFile; fileRef = BE9394B31FA9FFE40017407E /* UIColorExtension.swift */; };
		BE988FB01FA1F015007C24CF /* PollutionDataEntry.swift in Sources */ = {isa = PBXBuildFile; fileRef = BE988FAF1FA1F015007C24CF /* PollutionDataEntry.swift */; };
		BE988FB21FA1F0FE007C24CF /* PollutionMeasurement.swift in Sources */ = {isa = PBXBuildFile; fileRef = BE988FB11FA1F0FE007C24CF /* PollutionMeasurement.swift */; };
		BE992FC01FA2079A00727BC0 /* PollutionAnnotation.swift in Sources */ = {isa = PBXBuildFile; fileRef = BE992FBF1FA2079A00727BC0 /* PollutionAnnotation.swift */; };
		BE9CD6191FBAF60C00D410B0 /* ChartsExtension.swift in Sources */ = {isa = PBXBuildFile; fileRef = BE9CD6181FBAF60C00D410B0 /* ChartsExtension.swift */; };
		BE9CD61A1FBAF9A800D410B0 /* ChartsExtension.swift in Sources */ = {isa = PBXBuildFile; fileRef = BE9CD6181FBAF60C00D410B0 /* ChartsExtension.swift */; };
		BE9CD61C1FBB71F000D410B0 /* MKCoordinateRegionExtension.swift in Sources */ = {isa = PBXBuildFile; fileRef = BE9CD61B1FBB71F000D410B0 /* MKCoordinateRegionExtension.swift */; };
		BE9CD61D1FBDA9F000D410B0 /* RevealingSplashView.framework in Frameworks */ = {isa = PBXBuildFile; fileRef = BE9CD61E1FBDA9F000D410B0 /* RevealingSplashView.framework */; };
		BEBBB2CB1FA496D9005439EB /* UnitInformationController.swift in Sources */ = {isa = PBXBuildFile; fileRef = BEBBB2CA1FA496D9005439EB /* UnitInformationController.swift */; };
		BEE82D891FA1C35600BEBAF4 /* AppDelegate.swift in Sources */ = {isa = PBXBuildFile; fileRef = BEE82D881FA1C35600BEBAF4 /* AppDelegate.swift */; };
		BEE82D8B1FA1C35600BEBAF4 /* ViewController.swift in Sources */ = {isa = PBXBuildFile; fileRef = BEE82D8A1FA1C35600BEBAF4 /* ViewController.swift */; };
		BEE82D8E1FA1C35600BEBAF4 /* Main.storyboard in Resources */ = {isa = PBXBuildFile; fileRef = BEE82D8C1FA1C35600BEBAF4 /* Main.storyboard */; };
		BEE82D901FA1C35600BEBAF4 /* Assets.xcassets in Resources */ = {isa = PBXBuildFile; fileRef = BEE82D8F1FA1C35600BEBAF4 /* Assets.xcassets */; };
		BEE82D931FA1C35600BEBAF4 /* LaunchScreen.storyboard in Resources */ = {isa = PBXBuildFile; fileRef = BEE82D911FA1C35600BEBAF4 /* LaunchScreen.storyboard */; };
		BEF3FA641FBEF0C000365A0A /* BadgeExtension.swift in Sources */ = {isa = PBXBuildFile; fileRef = BEF3FA631FBEF0C000365A0A /* BadgeExtension.swift */; };
		D888903BA101AA0D840D59CF /* Pods_pollutionTodayExtension.framework in Frameworks */ = {isa = PBXBuildFile; fileRef = 5D170178BDC76829245DA4F7 /* Pods_pollutionTodayExtension.framework */; };
		F316DA5655435BED9DC5FF47 /* Pods_pollution.framework in Frameworks */ = {isa = PBXBuildFile; fileRef = 78997E7465D6932446FC3389 /* Pods_pollution.framework */; };
/* End PBXBuildFile section */

/* Begin PBXContainerItemProxy section */
		BE4A2DC21FB061AA00044D90 /* PBXContainerItemProxy */ = {
			isa = PBXContainerItemProxy;
			containerPortal = BEE82D7D1FA1C35600BEBAF4 /* Project object */;
			proxyType = 1;
			remoteGlobalIDString = BE4A2DB71FB061AA00044D90;
			remoteInfo = pollutionTodayExtension;
		};
/* End PBXContainerItemProxy section */

/* Begin PBXCopyFilesBuildPhase section */
		BE4A2DC81FB061AA00044D90 /* Embed App Extensions */ = {
			isa = PBXCopyFilesBuildPhase;
			buildActionMask = 2147483647;
			dstPath = "";
			dstSubfolderSpec = 13;
			files = (
				BE4A2DC41FB061AA00044D90 /* pollutionTodayExtension.appex in Embed App Extensions */,
			);
			name = "Embed App Extensions";
			runOnlyForDeploymentPostprocessing = 0;
		};
/* End PBXCopyFilesBuildPhase section */

/* Begin PBXFileReference section */
		17EFE4498692B5A74E153168 /* Pods-pollution.debug.xcconfig */ = {isa = PBXFileReference; includeInIndex = 1; lastKnownFileType = text.xcconfig; name = "Pods-pollution.debug.xcconfig"; path = "Pods/Target Support Files/Pods-pollution/Pods-pollution.debug.xcconfig"; sourceTree = "<group>"; };
		3E7595308F0FEDF8F41E705E /* Pods-pollutionTodayExtension.release.xcconfig */ = {isa = PBXFileReference; includeInIndex = 1; lastKnownFileType = text.xcconfig; name = "Pods-pollutionTodayExtension.release.xcconfig"; path = "Pods/Target Support Files/Pods-pollutionTodayExtension/Pods-pollutionTodayExtension.release.xcconfig"; sourceTree = "<group>"; };
		5D170178BDC76829245DA4F7 /* Pods_pollutionTodayExtension.framework */ = {isa = PBXFileReference; explicitFileType = wrapper.framework; includeInIndex = 0; path = Pods_pollutionTodayExtension.framework; sourceTree = BUILT_PRODUCTS_DIR; };
		78997E7465D6932446FC3389 /* Pods_pollution.framework */ = {isa = PBXFileReference; explicitFileType = wrapper.framework; includeInIndex = 0; path = Pods_pollution.framework; sourceTree = BUILT_PRODUCTS_DIR; };
		B7C8E0F75A7FB48BDCBF5DD4 /* Pods-pollutionTodayExtension.debug.xcconfig */ = {isa = PBXFileReference; includeInIndex = 1; lastKnownFileType = text.xcconfig; name = "Pods-pollutionTodayExtension.debug.xcconfig"; path = "Pods/Target Support Files/Pods-pollutionTodayExtension/Pods-pollutionTodayExtension.debug.xcconfig"; sourceTree = "<group>"; };
		BE1F69DC1FB0AEB4007A9C1A /* SwiftSpinner.framework */ = {isa = PBXFileReference; explicitFileType = wrapper.framework; path = SwiftSpinner.framework; sourceTree = BUILT_PRODUCTS_DIR; };
		BE1F69F21FB190EE007A9C1A /* Station.swift */ = {isa = PBXFileReference; lastKnownFileType = sourcecode.swift; path = Station.swift; sourceTree = "<group>"; };
		BE1F69F41FB196CC007A9C1A /* DiskJockey.swift */ = {isa = PBXFileReference; lastKnownFileType = sourcecode.swift; path = DiskJockey.swift; sourceTree = "<group>"; };
		BE1F69F61FB1B1CB007A9C1A /* TableViewController.swift */ = {isa = PBXFileReference; lastKnownFileType = sourcecode.swift; path = TableViewController.swift; sourceTree = "<group>"; };
		BE1F69F81FB1B3B7007A9C1A /* StationCell.swift */ = {isa = PBXFileReference; lastKnownFileType = sourcecode.swift; path = StationCell.swift; sourceTree = "<group>"; };
		BE1F69FC1FB220EA007A9C1A /* State.swift */ = {isa = PBXFileReference; lastKnownFileType = sourcecode.swift; path = State.swift; sourceTree = "<group>"; };
		BE1F69FF1FB2D5B2007A9C1A /* SwiftRater.framework */ = {isa = PBXFileReference; explicitFileType = wrapper.framework; path = SwiftRater.framework; sourceTree = BUILT_PRODUCTS_DIR; };
		BE1F6A001FB2D828007A9C1A /* Notification.swift */ = {isa = PBXFileReference; lastKnownFileType = sourcecode.swift; path = Notification.swift; sourceTree = "<group>"; };
		BE1F6A021FB2D91D007A9C1A /* NotificationManager.swift */ = {isa = PBXFileReference; lastKnownFileType = sourcecode.swift; path = NotificationManager.swift; sourceTree = "<group>"; };
		BE1F6A051FB313E1007A9C1A /* BRYXBanner.framework */ = {isa = PBXFileReference; explicitFileType = wrapper.framework; path = BRYXBanner.framework; sourceTree = BUILT_PRODUCTS_DIR; };
		BE1F6A081FB31EDD007A9C1A /* en */ = {isa = PBXFileReference; lastKnownFileType = text.plist.strings; name = en; path = en.lproj/Main.strings; sourceTree = "<group>"; };
		BE1F6A0A1FB31EDF007A9C1A /* de */ = {isa = PBXFileReference; lastKnownFileType = text.plist.strings; name = de; path = de.lproj/Main.strings; sourceTree = "<group>"; };
		BE22C2171FA34D2B008D7659 /* Constants.swift */ = {isa = PBXFileReference; fileEncoding = 4; lastKnownFileType = sourcecode.swift; path = Constants.swift; sourceTree = "<group>"; };
		BE2BDDF41FB0AD130076EF4B /* SwiftSpinner.framework */ = {isa = PBXFileReference; explicitFileType = wrapper.framework; path = SwiftSpinner.framework; sourceTree = BUILT_PRODUCTS_DIR; };
		BE2EC6261FAAFED40052BF6A /* MapKitGoogleStyler.framework */ = {isa = PBXFileReference; explicitFileType = wrapper.framework; path = MapKitGoogleStyler.framework; sourceTree = BUILT_PRODUCTS_DIR; };
		BE2EC6271FAB61000052BF6A /* TabBarController.swift */ = {isa = PBXFileReference; lastKnownFileType = sourcecode.swift; path = TabBarController.swift; sourceTree = "<group>"; };
		BE2EC6301FAB65B70052BF6A /* TabBarExtension.swift */ = {isa = PBXFileReference; lastKnownFileType = sourcecode.swift; path = TabBarExtension.swift; sourceTree = "<group>"; };
		BE4A2DB81FB061AA00044D90 /* pollutionTodayExtension.appex */ = {isa = PBXFileReference; explicitFileType = "wrapper.app-extension"; includeInIndex = 0; path = pollutionTodayExtension.appex; sourceTree = BUILT_PRODUCTS_DIR; };
		BE4A2DB91FB061AA00044D90 /* NotificationCenter.framework */ = {isa = PBXFileReference; lastKnownFileType = wrapper.framework; name = NotificationCenter.framework; path = System/Library/Frameworks/NotificationCenter.framework; sourceTree = SDKROOT; };
		BE4A2DBF1FB061AA00044D90 /* Base */ = {isa = PBXFileReference; lastKnownFileType = file.storyboard; name = Base; path = Base.lproj/MainInterface.storyboard; sourceTree = "<group>"; };
		BE4A2DC11FB061AA00044D90 /* Info.plist */ = {isa = PBXFileReference; lastKnownFileType = text.plist.xml; path = Info.plist; sourceTree = "<group>"; };
		BE4A2DCB1FB07B2300044D90 /* WidgetTableController.swift */ = {isa = PBXFileReference; lastKnownFileType = sourcecode.swift; path = WidgetTableController.swift; sourceTree = "<group>"; };
		BE4A2DE21FB0AB5D00044D90 /* SwiftSpinner.framework */ = {isa = PBXFileReference; explicitFileType = wrapper.framework; path = SwiftSpinner.framework; sourceTree = BUILT_PRODUCTS_DIR; };
		BE4D909F1FA5E5D30080B812 /* SwiftSpinner.framework */ = {isa = PBXFileReference; explicitFileType = wrapper.framework; path = SwiftSpinner.framework; sourceTree = BUILT_PRODUCTS_DIR; };
		BE4D90A11FA6177C0080B812 /* Dropper.framework */ = {isa = PBXFileReference; explicitFileType = wrapper.framework; path = Dropper.framework; sourceTree = BUILT_PRODUCTS_DIR; };
		BE50FBE01FA4AB5400187750 /* Charts.framework */ = {isa = PBXFileReference; explicitFileType = wrapper.framework; path = Charts.framework; sourceTree = BUILT_PRODUCTS_DIR; };
		BE50FBE31FA4AC3F00187750 /* DetailController.swift */ = {isa = PBXFileReference; lastKnownFileType = sourcecode.swift; path = DetailController.swift; sourceTree = "<group>"; };
		BE56BCDF1FA9274A00303B70 /* Base */ = {isa = PBXFileReference; lastKnownFileType = text.plist.strings; name = Base; path = Base.lproj/Localizable.strings; sourceTree = "<group>"; };
		BE56BCE21FA9275C00303B70 /* de */ = {isa = PBXFileReference; lastKnownFileType = text.plist.strings; name = de; path = de.lproj/LaunchScreen.strings; sourceTree = "<group>"; };
		BE56BCE31FA9275C00303B70 /* de */ = {isa = PBXFileReference; lastKnownFileType = text.plist.strings; name = de; path = de.lproj/Localizable.strings; sourceTree = "<group>"; };
		BE56BCE41FA92C1C00303B70 /* DateTranslator.swift */ = {isa = PBXFileReference; lastKnownFileType = sourcecode.swift; path = DateTranslator.swift; sourceTree = "<group>"; };
		BE56BCE61FA93A0000303B70 /* CoordinateWizard.swift */ = {isa = PBXFileReference; lastKnownFileType = sourcecode.swift; path = CoordinateWizard.swift; sourceTree = "<group>"; };
		BE62263C1FC04CA800D0C2B0 /* DTMHeatmap.framework */ = {isa = PBXFileReference; explicitFileType = wrapper.framework; path = DTMHeatmap.framework; sourceTree = BUILT_PRODUCTS_DIR; };
		BE6226401FC05C7800D0C2B0 /* DTMHeatmap.framework */ = {isa = PBXFileReference; explicitFileType = wrapper.framework; path = DTMHeatmap.framework; sourceTree = BUILT_PRODUCTS_DIR; };
		BE654B111FB493DC003284C6 /* Charts.framework */ = {isa = PBXFileReference; explicitFileType = wrapper.framework; path = Charts.framework; sourceTree = BUILT_PRODUCTS_DIR; };
		BE654B141FB49740003284C6 /* pollutionTodayExtension.entitlements */ = {isa = PBXFileReference; lastKnownFileType = text.plist.entitlements; path = pollutionTodayExtension.entitlements; sourceTree = "<group>"; };
		BE654B151FB4975C003284C6 /* pollution.entitlements */ = {isa = PBXFileReference; lastKnownFileType = text.plist.entitlements; path = pollution.entitlements; sourceTree = "<group>"; };
		BE70FA881FB4F317006D48A7 /* UINavigationBarExtension.swift */ = {isa = PBXFileReference; lastKnownFileType = sourcecode.swift; path = UINavigationBarExtension.swift; sourceTree = "<group>"; };
		BE8A4CFE1FB5EE5400255C2E /* SettingsController.swift */ = {isa = PBXFileReference; lastKnownFileType = sourcecode.swift; path = SettingsController.swift; sourceTree = "<group>"; };
		BE8A4D011FB60EA600255C2E /* HiddenDatabaseCaller.swift */ = {isa = PBXFileReference; lastKnownFileType = sourcecode.swift; path = HiddenDatabaseCaller.swift; sourceTree = "<group>"; };
		BE900FBF1FAB84A40023FF05 /* UIImageExtension.swift */ = {isa = PBXFileReference; lastKnownFileType = sourcecode.swift; path = UIImageExtension.swift; sourceTree = "<group>"; };
		BE9394AD1FA9DB220017407E /* CustomMapOverlay.swift */ = {isa = PBXFileReference; lastKnownFileType = sourcecode.swift; path = CustomMapOverlay.swift; sourceTree = "<group>"; };
		BE9394AF1FA9DF7E0017407E /* CustomCircleRenderer.swift */ = {isa = PBXFileReference; lastKnownFileType = sourcecode.swift; path = CustomCircleRenderer.swift; sourceTree = "<group>"; };
		BE9394B11FA9FFC00017407E /* UIViewExtension.swift */ = {isa = PBXFileReference; lastKnownFileType = sourcecode.swift; path = UIViewExtension.swift; sourceTree = "<group>"; };
		BE9394B31FA9FFE40017407E /* UIColorExtension.swift */ = {isa = PBXFileReference; lastKnownFileType = sourcecode.swift; path = UIColorExtension.swift; sourceTree = "<group>"; };
		BE988FAF1FA1F015007C24CF /* PollutionDataEntry.swift */ = {isa = PBXFileReference; lastKnownFileType = sourcecode.swift; path = PollutionDataEntry.swift; sourceTree = "<group>"; };
		BE988FB11FA1F0FE007C24CF /* PollutionMeasurement.swift */ = {isa = PBXFileReference; lastKnownFileType = sourcecode.swift; path = PollutionMeasurement.swift; sourceTree = "<group>"; };
		BE992FBF1FA2079A00727BC0 /* PollutionAnnotation.swift */ = {isa = PBXFileReference; lastKnownFileType = sourcecode.swift; path = PollutionAnnotation.swift; sourceTree = "<group>"; };
		BE992FC11FA20B4000727BC0 /* DatabaseCaller.swift */ = {isa = PBXFileReference; lastKnownFileType = sourcecode.swift; path = DatabaseCaller.swift; sourceTree = "<group>"; };
		BE9CD6181FBAF60C00D410B0 /* ChartsExtension.swift */ = {isa = PBXFileReference; lastKnownFileType = sourcecode.swift; path = ChartsExtension.swift; sourceTree = "<group>"; };
		BE9CD61B1FBB71F000D410B0 /* MKCoordinateRegionExtension.swift */ = {isa = PBXFileReference; lastKnownFileType = sourcecode.swift; path = MKCoordinateRegionExtension.swift; sourceTree = "<group>"; };
		BE9CD61E1FBDA9F000D410B0 /* RevealingSplashView.framework */ = {isa = PBXFileReference; explicitFileType = wrapper.framework; path = RevealingSplashView.framework; sourceTree = BUILT_PRODUCTS_DIR; };
		BEBBB2CA1FA496D9005439EB /* UnitInformationController.swift */ = {isa = PBXFileReference; lastKnownFileType = sourcecode.swift; path = UnitInformationController.swift; sourceTree = "<group>"; };
		BEDA11FF1FA22B9100A3EF51 /* DTMHeatmap.framework */ = {isa = PBXFileReference; explicitFileType = wrapper.framework; path = DTMHeatmap.framework; sourceTree = BUILT_PRODUCTS_DIR; };
		BEDA12011FA2324400A3EF51 /* JDSwiftHeatMap.framework */ = {isa = PBXFileReference; explicitFileType = wrapper.framework; path = JDSwiftHeatMap.framework; sourceTree = BUILT_PRODUCTS_DIR; };
		BEE82D851FA1C35600BEBAF4 /* pollution.app */ = {isa = PBXFileReference; explicitFileType = wrapper.application; includeInIndex = 0; path = pollution.app; sourceTree = BUILT_PRODUCTS_DIR; };
		BEE82D881FA1C35600BEBAF4 /* AppDelegate.swift */ = {isa = PBXFileReference; lastKnownFileType = sourcecode.swift; path = AppDelegate.swift; sourceTree = "<group>"; };
		BEE82D8A1FA1C35600BEBAF4 /* ViewController.swift */ = {isa = PBXFileReference; lastKnownFileType = sourcecode.swift; path = ViewController.swift; sourceTree = "<group>"; };
		BEE82D8D1FA1C35600BEBAF4 /* Base */ = {isa = PBXFileReference; lastKnownFileType = file.storyboard; name = Base; path = Base.lproj/Main.storyboard; sourceTree = "<group>"; };
		BEE82D8F1FA1C35600BEBAF4 /* Assets.xcassets */ = {isa = PBXFileReference; lastKnownFileType = folder.assetcatalog; path = Assets.xcassets; sourceTree = "<group>"; };
		BEE82D921FA1C35600BEBAF4 /* Base */ = {isa = PBXFileReference; lastKnownFileType = file.storyboard; name = Base; path = Base.lproj/LaunchScreen.storyboard; sourceTree = "<group>"; };
		BEE82D941FA1C35600BEBAF4 /* Info.plist */ = {isa = PBXFileReference; lastKnownFileType = text.plist.xml; path = Info.plist; sourceTree = "<group>"; };
		BEF3FA621FBEEC6B00365A0A /* ENMBadgedBarButtonItem.framework */ = {isa = PBXFileReference; explicitFileType = wrapper.framework; path = ENMBadgedBarButtonItem.framework; sourceTree = BUILT_PRODUCTS_DIR; };
		BEF3FA631FBEF0C000365A0A /* BadgeExtension.swift */ = {isa = PBXFileReference; lastKnownFileType = sourcecode.swift; path = BadgeExtension.swift; sourceTree = "<group>"; };
		F95E6C92C1F242651009C969 /* Pods-pollution.release.xcconfig */ = {isa = PBXFileReference; includeInIndex = 1; lastKnownFileType = text.xcconfig; name = "Pods-pollution.release.xcconfig"; path = "Pods/Target Support Files/Pods-pollution/Pods-pollution.release.xcconfig"; sourceTree = "<group>"; };
/* End PBXFileReference section */

/* Begin PBXFrameworksBuildPhase section */
		BE4A2DB51FB061AA00044D90 /* Frameworks */ = {
			isa = PBXFrameworksBuildPhase;
			buildActionMask = 2147483647;
			files = (
				BE654B101FB493DC003284C6 /* Charts.framework in Frameworks */,
				BE4A2DBA1FB061AA00044D90 /* NotificationCenter.framework in Frameworks */,
				D888903BA101AA0D840D59CF /* Pods_pollutionTodayExtension.framework in Frameworks */,
			);
			runOnlyForDeploymentPostprocessing = 0;
		};
		BEE82D821FA1C35600BEBAF4 /* Frameworks */ = {
			isa = PBXFrameworksBuildPhase;
			buildActionMask = 2147483647;
			files = (
				BE62263F1FC05C7800D0C2B0 /* DTMHeatmap.framework in Frameworks */,
				BE9CD61D1FBDA9F000D410B0 /* RevealingSplashView.framework in Frameworks */,
				BE1F6A041FB313E1007A9C1A /* BRYXBanner.framework in Frameworks */,
				BE1F69FE1FB2D5B2007A9C1A /* SwiftRater.framework in Frameworks */,
				BE4D90A01FA6177C0080B812 /* Dropper.framework in Frameworks */,
				BE4D909E1FA5E5D30080B812 /* SwiftSpinner.framework in Frameworks */,
				BE50FBDF1FA4AB5400187750 /* Charts.framework in Frameworks */,
				F316DA5655435BED9DC5FF47 /* Pods_pollution.framework in Frameworks */,
			);
			runOnlyForDeploymentPostprocessing = 0;
		};
/* End PBXFrameworksBuildPhase section */

/* Begin PBXGroup section */
		A934949B0D42C0E0CDE14F4F /* Pods */ = {
			isa = PBXGroup;
			children = (
				17EFE4498692B5A74E153168 /* Pods-pollution.debug.xcconfig */,
				F95E6C92C1F242651009C969 /* Pods-pollution.release.xcconfig */,
				B7C8E0F75A7FB48BDCBF5DD4 /* Pods-pollutionTodayExtension.debug.xcconfig */,
				3E7595308F0FEDF8F41E705E /* Pods-pollutionTodayExtension.release.xcconfig */,
			);
			name = Pods;
			sourceTree = "<group>";
		};
		BE2EC6291FAB61350052BF6A /* Extensions */ = {
			isa = PBXGroup;
			children = (
				BE9394B31FA9FFE40017407E /* UIColorExtension.swift */,
				BE9394B11FA9FFC00017407E /* UIViewExtension.swift */,
				BE70FA881FB4F317006D48A7 /* UINavigationBarExtension.swift */,
				BE2EC6301FAB65B70052BF6A /* TabBarExtension.swift */,
				BE900FBF1FAB84A40023FF05 /* UIImageExtension.swift */,
				BE9CD6181FBAF60C00D410B0 /* ChartsExtension.swift */,
				BE9CD61B1FBB71F000D410B0 /* MKCoordinateRegionExtension.swift */,
				BEF3FA631FBEF0C000365A0A /* BadgeExtension.swift */,
			);
			name = Extensions;
			sourceTree = "<group>";
		};
		BE2EC62D1FAB61B50052BF6A /* DataModels */ = {
			isa = PBXGroup;
			children = (
				BE992FBF1FA2079A00727BC0 /* PollutionAnnotation.swift */,
				BE988FAF1FA1F015007C24CF /* PollutionDataEntry.swift */,
				BE988FB11FA1F0FE007C24CF /* PollutionMeasurement.swift */,
				BE1F69F21FB190EE007A9C1A /* Station.swift */,
				BE1F6A001FB2D828007A9C1A /* Notification.swift */,
			);
			name = DataModels;
			sourceTree = "<group>";
		};
		BE2EC62E1FAB61DC0052BF6A /* Controllers */ = {
			isa = PBXGroup;
			children = (
				BEE82D881FA1C35600BEBAF4 /* AppDelegate.swift */,
				BEE82D8A1FA1C35600BEBAF4 /* ViewController.swift */,
				BE2EC6271FAB61000052BF6A /* TabBarController.swift */,
				BE50FBE31FA4AC3F00187750 /* DetailController.swift */,
				BEBBB2CA1FA496D9005439EB /* UnitInformationController.swift */,
				BE1F69F61FB1B1CB007A9C1A /* TableViewController.swift */,
				BE1F69F81FB1B3B7007A9C1A /* StationCell.swift */,
				BE8A4CFE1FB5EE5400255C2E /* SettingsController.swift */,
			);
			name = Controllers;
			sourceTree = "<group>";
		};
		BE2EC62F1FAB61F20052BF6A /* MapKit */ = {
			isa = PBXGroup;
			children = (
				BE56BCE61FA93A0000303B70 /* CoordinateWizard.swift */,
				BE9394AD1FA9DB220017407E /* CustomMapOverlay.swift */,
				BE9394AF1FA9DF7E0017407E /* CustomCircleRenderer.swift */,
			);
			name = MapKit;
			sourceTree = "<group>";
		};
		BE4A2DBB1FB061AA00044D90 /* pollutionTodayExtension */ = {
			isa = PBXGroup;
			children = (
				BE654B141FB49740003284C6 /* pollutionTodayExtension.entitlements */,
				BE4A2DCB1FB07B2300044D90 /* WidgetTableController.swift */,
				BE4A2DBE1FB061AA00044D90 /* MainInterface.storyboard */,
				BE4A2DC11FB061AA00044D90 /* Info.plist */,
			);
			path = pollutionTodayExtension;
			sourceTree = "<group>";
		};
		BEE82D7C1FA1C35600BEBAF4 = {
			isa = PBXGroup;
			children = (
				BEE82D871FA1C35600BEBAF4 /* pollution */,
				BE4A2DBB1FB061AA00044D90 /* pollutionTodayExtension */,
				BEE82D861FA1C35600BEBAF4 /* Products */,
				A934949B0D42C0E0CDE14F4F /* Pods */,
				C355A3DFC11229856E2E997C /* Frameworks */,
			);
			sourceTree = "<group>";
		};
		BEE82D861FA1C35600BEBAF4 /* Products */ = {
			isa = PBXGroup;
			children = (
				BEE82D851FA1C35600BEBAF4 /* pollution.app */,
				BE4A2DB81FB061AA00044D90 /* pollutionTodayExtension.appex */,
			);
			name = Products;
			sourceTree = "<group>";
		};
		BEE82D871FA1C35600BEBAF4 /* pollution */ = {
			isa = PBXGroup;
			children = (
				BE654B151FB4975C003284C6 /* pollution.entitlements */,
				BE1F6A021FB2D91D007A9C1A /* NotificationManager.swift */,
				BE1F69FC1FB220EA007A9C1A /* State.swift */,
				BE1F69F41FB196CC007A9C1A /* DiskJockey.swift */,
				BE22C2171FA34D2B008D7659 /* Constants.swift */,
				BE992FC11FA20B4000727BC0 /* DatabaseCaller.swift */,
				BE8A4D011FB60EA600255C2E /* HiddenDatabaseCaller.swift */,
				BE56BCE41FA92C1C00303B70 /* DateTranslator.swift */,
				BE2EC62F1FAB61F20052BF6A /* MapKit */,
				BE2EC6291FAB61350052BF6A /* Extensions */,
				BE2EC62E1FAB61DC0052BF6A /* Controllers */,
				BE2EC62D1FAB61B50052BF6A /* DataModels */,
				BEE82D8C1FA1C35600BEBAF4 /* Main.storyboard */,
				BE56BCDE1FA9274A00303B70 /* Localizable.strings */,
				BEE82D8F1FA1C35600BEBAF4 /* Assets.xcassets */,
				BEE82D911FA1C35600BEBAF4 /* LaunchScreen.storyboard */,
				BEE82D941FA1C35600BEBAF4 /* Info.plist */,
			);
			path = pollution;
			sourceTree = "<group>";
		};
		C355A3DFC11229856E2E997C /* Frameworks */ = {
			isa = PBXGroup;
			children = (
				BE6226401FC05C7800D0C2B0 /* DTMHeatmap.framework */,
				BE62263C1FC04CA800D0C2B0 /* DTMHeatmap.framework */,
				BEF3FA621FBEEC6B00365A0A /* ENMBadgedBarButtonItem.framework */,
				BE9CD61E1FBDA9F000D410B0 /* RevealingSplashView.framework */,
				BE654B111FB493DC003284C6 /* Charts.framework */,
				BE1F6A051FB313E1007A9C1A /* BRYXBanner.framework */,
				BE1F69FF1FB2D5B2007A9C1A /* SwiftRater.framework */,
				BE1F69DC1FB0AEB4007A9C1A /* SwiftSpinner.framework */,
				BE2BDDF41FB0AD130076EF4B /* SwiftSpinner.framework */,
				BE4A2DE21FB0AB5D00044D90 /* SwiftSpinner.framework */,
				BE2EC6261FAAFED40052BF6A /* MapKitGoogleStyler.framework */,
				BE4D90A11FA6177C0080B812 /* Dropper.framework */,
				BE4D909F1FA5E5D30080B812 /* SwiftSpinner.framework */,
				BE50FBE01FA4AB5400187750 /* Charts.framework */,
				BEDA12011FA2324400A3EF51 /* JDSwiftHeatMap.framework */,
				BEDA11FF1FA22B9100A3EF51 /* DTMHeatmap.framework */,
				78997E7465D6932446FC3389 /* Pods_pollution.framework */,
				BE4A2DB91FB061AA00044D90 /* NotificationCenter.framework */,
				5D170178BDC76829245DA4F7 /* Pods_pollutionTodayExtension.framework */,
			);
			name = Frameworks;
			sourceTree = "<group>";
		};
/* End PBXGroup section */

/* Begin PBXNativeTarget section */
		BE4A2DB71FB061AA00044D90 /* pollutionTodayExtension */ = {
			isa = PBXNativeTarget;
			buildConfigurationList = BE4A2DC51FB061AA00044D90 /* Build configuration list for PBXNativeTarget "pollutionTodayExtension" */;
			buildPhases = (
				06AD62944A138B45B379B9AB /* [CP] Check Pods Manifest.lock */,
				BE4A2DB41FB061AA00044D90 /* Sources */,
				BE4A2DB51FB061AA00044D90 /* Frameworks */,
				BE4A2DB61FB061AA00044D90 /* Resources */,
				EDBCC7B06A36466B296DCD83 /* [CP] Copy Pods Resources */,
			);
			buildRules = (
			);
			dependencies = (
			);
			name = pollutionTodayExtension;
			productName = pollutionTodayExtension;
			productReference = BE4A2DB81FB061AA00044D90 /* pollutionTodayExtension.appex */;
			productType = "com.apple.product-type.app-extension";
		};
		BEE82D841FA1C35600BEBAF4 /* pollution */ = {
			isa = PBXNativeTarget;
			buildConfigurationList = BEE82D971FA1C35600BEBAF4 /* Build configuration list for PBXNativeTarget "pollution" */;
			buildPhases = (
				6D827D2A8F832212020F9E30 /* [CP] Check Pods Manifest.lock */,
				BEE82D811FA1C35600BEBAF4 /* Sources */,
				BEE82D821FA1C35600BEBAF4 /* Frameworks */,
				BEE82D831FA1C35600BEBAF4 /* Resources */,
				A741B6C8BE74149C12C9F2F4 /* [CP] Embed Pods Frameworks */,
				FBEC8143DBDCDFEBC6433396 /* [CP] Copy Pods Resources */,
				BE4A2DC81FB061AA00044D90 /* Embed App Extensions */,
			);
			buildRules = (
			);
			dependencies = (
				BE4A2DC31FB061AA00044D90 /* PBXTargetDependency */,
			);
			name = pollution;
			productName = pollution;
			productReference = BEE82D851FA1C35600BEBAF4 /* pollution.app */;
			productType = "com.apple.product-type.application";
		};
/* End PBXNativeTarget section */

/* Begin PBXProject section */
		BEE82D7D1FA1C35600BEBAF4 /* Project object */ = {
			isa = PBXProject;
			attributes = {
				LastSwiftUpdateCheck = 0910;
				LastUpgradeCheck = 0900;
				ORGANIZATIONNAME = "Philipp Matthes";
				TargetAttributes = {
					BE4A2DB71FB061AA00044D90 = {
						CreatedOnToolsVersion = 9.1;
						ProvisioningStyle = Automatic;
						SystemCapabilities = {
							com.apple.ApplicationGroups.iOS = {
								enabled = 1;
							};
						};
					};
					BEE82D841FA1C35600BEBAF4 = {
						CreatedOnToolsVersion = 9.0;
						ProvisioningStyle = Automatic;
						SystemCapabilities = {
							com.apple.ApplicationGroups.iOS = {
								enabled = 1;
							};
							com.apple.BackgroundModes = {
								enabled = 1;
							};
						};
					};
				};
			};
			buildConfigurationList = BEE82D801FA1C35600BEBAF4 /* Build configuration list for PBXProject "pollution" */;
			compatibilityVersion = "Xcode 8.0";
			developmentRegion = en;
			hasScannedForEncodings = 0;
			knownRegions = (
				en,
				Base,
				de,
			);
			mainGroup = BEE82D7C1FA1C35600BEBAF4;
			productRefGroup = BEE82D861FA1C35600BEBAF4 /* Products */;
			projectDirPath = "";
			projectRoot = "";
			targets = (
				BEE82D841FA1C35600BEBAF4 /* pollution */,
				BE4A2DB71FB061AA00044D90 /* pollutionTodayExtension */,
			);
		};
/* End PBXProject section */

/* Begin PBXResourcesBuildPhase section */
		BE4A2DB61FB061AA00044D90 /* Resources */ = {
			isa = PBXResourcesBuildPhase;
			buildActionMask = 2147483647;
			files = (
				BE4A2DDC1FB0A49600044D90 /* MainInterface.storyboard in Resources */,
				BE70FA871FB4E961006D48A7 /* Localizable.strings in Resources */,
			);
			runOnlyForDeploymentPostprocessing = 0;
		};
		BEE82D831FA1C35600BEBAF4 /* Resources */ = {
			isa = PBXResourcesBuildPhase;
			buildActionMask = 2147483647;
			files = (
				BE56BCE01FA9274A00303B70 /* Localizable.strings in Resources */,
				BEE82D931FA1C35600BEBAF4 /* LaunchScreen.storyboard in Resources */,
				BEE82D901FA1C35600BEBAF4 /* Assets.xcassets in Resources */,
				BEE82D8E1FA1C35600BEBAF4 /* Main.storyboard in Resources */,
			);
			runOnlyForDeploymentPostprocessing = 0;
		};
/* End PBXResourcesBuildPhase section */

/* Begin PBXShellScriptBuildPhase section */
		06AD62944A138B45B379B9AB /* [CP] Check Pods Manifest.lock */ = {
			isa = PBXShellScriptBuildPhase;
			buildActionMask = 2147483647;
			files = (
			);
			inputPaths = (
				"${PODS_PODFILE_DIR_PATH}/Podfile.lock",
				"${PODS_ROOT}/Manifest.lock",
			);
			name = "[CP] Check Pods Manifest.lock";
			outputPaths = (
				"$(DERIVED_FILE_DIR)/Pods-pollutionTodayExtension-checkManifestLockResult.txt",
			);
			runOnlyForDeploymentPostprocessing = 0;
			shellPath = /bin/sh;
			shellScript = "diff \"${PODS_PODFILE_DIR_PATH}/Podfile.lock\" \"${PODS_ROOT}/Manifest.lock\" > /dev/null\nif [ $? != 0 ] ; then\n    # print error to STDERR\n    echo \"error: The sandbox is not in sync with the Podfile.lock. Run 'pod install' or update your CocoaPods installation.\" >&2\n    exit 1\nfi\n# This output is used by Xcode 'outputs' to avoid re-running this script phase.\necho \"SUCCESS\" > \"${SCRIPT_OUTPUT_FILE_0}\"\n";
			showEnvVarsInLog = 0;
		};
		6D827D2A8F832212020F9E30 /* [CP] Check Pods Manifest.lock */ = {
			isa = PBXShellScriptBuildPhase;
			buildActionMask = 2147483647;
			files = (
			);
			inputPaths = (
				"${PODS_PODFILE_DIR_PATH}/Podfile.lock",
				"${PODS_ROOT}/Manifest.lock",
			);
			name = "[CP] Check Pods Manifest.lock";
			outputPaths = (
				"$(DERIVED_FILE_DIR)/Pods-pollution-checkManifestLockResult.txt",
			);
			runOnlyForDeploymentPostprocessing = 0;
			shellPath = /bin/sh;
			shellScript = "diff \"${PODS_PODFILE_DIR_PATH}/Podfile.lock\" \"${PODS_ROOT}/Manifest.lock\" > /dev/null\nif [ $? != 0 ] ; then\n    # print error to STDERR\n    echo \"error: The sandbox is not in sync with the Podfile.lock. Run 'pod install' or update your CocoaPods installation.\" >&2\n    exit 1\nfi\n# This output is used by Xcode 'outputs' to avoid re-running this script phase.\necho \"SUCCESS\" > \"${SCRIPT_OUTPUT_FILE_0}\"\n";
			showEnvVarsInLog = 0;
		};
		A741B6C8BE74149C12C9F2F4 /* [CP] Embed Pods Frameworks */ = {
			isa = PBXShellScriptBuildPhase;
			buildActionMask = 2147483647;
			files = (
			);
			inputPaths = (
				"${SRCROOT}/Pods/Target Support Files/Pods-pollution/Pods-pollution-frameworks.sh",
				"${BUILT_PRODUCTS_DIR}/BRYXBanner/BRYXBanner.framework",
				"${BUILT_PRODUCTS_DIR}/Charts/Charts.framework",
				"${BUILT_PRODUCTS_DIR}/DTMHeatmap/DTMHeatmap.framework",
				"${BUILT_PRODUCTS_DIR}/Dropper/Dropper.framework",
				"${BUILT_PRODUCTS_DIR}/RevealingSplashView/RevealingSplashView.framework",
				"${BUILT_PRODUCTS_DIR}/SwiftRater/SwiftRater.framework",
				"${BUILT_PRODUCTS_DIR}/SwiftSpinner/SwiftSpinner.framework",
			);
			name = "[CP] Embed Pods Frameworks";
			outputPaths = (
				"${TARGET_BUILD_DIR}/${FRAMEWORKS_FOLDER_PATH}/BRYXBanner.framework",
				"${TARGET_BUILD_DIR}/${FRAMEWORKS_FOLDER_PATH}/Charts.framework",
				"${TARGET_BUILD_DIR}/${FRAMEWORKS_FOLDER_PATH}/DTMHeatmap.framework",
				"${TARGET_BUILD_DIR}/${FRAMEWORKS_FOLDER_PATH}/Dropper.framework",
				"${TARGET_BUILD_DIR}/${FRAMEWORKS_FOLDER_PATH}/RevealingSplashView.framework",
				"${TARGET_BUILD_DIR}/${FRAMEWORKS_FOLDER_PATH}/SwiftRater.framework",
				"${TARGET_BUILD_DIR}/${FRAMEWORKS_FOLDER_PATH}/SwiftSpinner.framework",
			);
			runOnlyForDeploymentPostprocessing = 0;
			shellPath = /bin/sh;
			shellScript = "\"${SRCROOT}/Pods/Target Support Files/Pods-pollution/Pods-pollution-frameworks.sh\"\n";
			showEnvVarsInLog = 0;
		};
		EDBCC7B06A36466B296DCD83 /* [CP] Copy Pods Resources */ = {
			isa = PBXShellScriptBuildPhase;
			buildActionMask = 2147483647;
			files = (
			);
			inputPaths = (
			);
			name = "[CP] Copy Pods Resources";
			outputPaths = (
			);
			runOnlyForDeploymentPostprocessing = 0;
			shellPath = /bin/sh;
			shellScript = "\"${SRCROOT}/Pods/Target Support Files/Pods-pollutionTodayExtension/Pods-pollutionTodayExtension-resources.sh\"\n";
			showEnvVarsInLog = 0;
		};
		FBEC8143DBDCDFEBC6433396 /* [CP] Copy Pods Resources */ = {
			isa = PBXShellScriptBuildPhase;
			buildActionMask = 2147483647;
			files = (
			);
			inputPaths = (
			);
			name = "[CP] Copy Pods Resources";
			outputPaths = (
			);
			runOnlyForDeploymentPostprocessing = 0;
			shellPath = /bin/sh;
			shellScript = "\"${SRCROOT}/Pods/Target Support Files/Pods-pollution/Pods-pollution-resources.sh\"\n";
			showEnvVarsInLog = 0;
		};
/* End PBXShellScriptBuildPhase section */

/* Begin PBXSourcesBuildPhase section */
		BE4A2DB41FB061AA00044D90 /* Sources */ = {
			isa = PBXSourcesBuildPhase;
			buildActionMask = 2147483647;
			files = (
				BE4A2DDD1FB0A5E500044D90 /* Constants.swift in Sources */,
				BE4A2DCC1FB07B2300044D90 /* WidgetTableController.swift in Sources */,
				BE2BDDF11FB0AC1E0076EF4B /* PollutionMeasurement.swift in Sources */,
				BE9CD61A1FBAF9A800D410B0 /* ChartsExtension.swift in Sources */,
				BE4A2DDF1FB0A7AF00044D90 /* UIViewExtension.swift in Sources */,
				BE8A4D031FB60F0700255C2E /* HiddenDatabaseCaller.swift in Sources */,
				BE654B0E1FB492CB003284C6 /* StationCell.swift in Sources */,
				BE0B002F1FB339AB00F2EDD9 /* DiskJockey.swift in Sources */,
				BE1F69E21FB0CF01007A9C1A /* CoordinateWizard.swift in Sources */,
				BE2BDDF01FB0AC1C0076EF4B /* PollutionDataEntry.swift in Sources */,
				BE654B0F1FB4930D003284C6 /* Station.swift in Sources */,
				BE1F69E01FB0AFBE007A9C1A /* PollutionAnnotation.swift in Sources */,
				BE4A2DDE1FB0A60900044D90 /* UIColorExtension.swift in Sources */,
				BE654B121FB494D6003284C6 /* State.swift in Sources */,
				BE654B131FB4951B003284C6 /* DateTranslator.swift in Sources */,
			);
			runOnlyForDeploymentPostprocessing = 0;
		};
		BEE82D811FA1C35600BEBAF4 /* Sources */ = {
			isa = PBXSourcesBuildPhase;
			buildActionMask = 2147483647;
			files = (
				BE1F69F71FB1B1CB007A9C1A /* TableViewController.swift in Sources */,
				BE70FA891FB4F317006D48A7 /* UINavigationBarExtension.swift in Sources */,
				BE70FA861FB4AFED006D48A7 /* WidgetTableController.swift in Sources */,
				BEBBB2CB1FA496D9005439EB /* UnitInformationController.swift in Sources */,
				BE2EC6281FAB61000052BF6A /* TabBarController.swift in Sources */,
				BEE82D8B1FA1C35600BEBAF4 /* ViewController.swift in Sources */,
				BE2EC6311FAB65B70052BF6A /* TabBarExtension.swift in Sources */,
				BE9394B41FA9FFE40017407E /* UIColorExtension.swift in Sources */,
				BE1F6A031FB2D91D007A9C1A /* NotificationManager.swift in Sources */,
				BE900FC01FAB84A40023FF05 /* UIImageExtension.swift in Sources */,
				BE988FB21FA1F0FE007C24CF /* PollutionMeasurement.swift in Sources */,
				BE56BCE71FA93A0000303B70 /* CoordinateWizard.swift in Sources */,
				BE9CD6191FBAF60C00D410B0 /* ChartsExtension.swift in Sources */,
				BE9CD61C1FBB71F000D410B0 /* MKCoordinateRegionExtension.swift in Sources */,
				BE9394B21FA9FFC00017407E /* UIViewExtension.swift in Sources */,
				BE992FC01FA2079A00727BC0 /* PollutionAnnotation.swift in Sources */,
				BE8A4CFF1FB5EE5400255C2E /* SettingsController.swift in Sources */,
				BE1F69F31FB190EE007A9C1A /* Station.swift in Sources */,
				BE9394B01FA9DF7E0017407E /* CustomCircleRenderer.swift in Sources */,
				BE1F69E11FB0AFE1007A9C1A /* DatabaseCaller.swift in Sources */,
				BE988FB01FA1F015007C24CF /* PollutionDataEntry.swift in Sources */,
				BE8A4D021FB60EA600255C2E /* HiddenDatabaseCaller.swift in Sources */,
				BEE82D891FA1C35600BEBAF4 /* AppDelegate.swift in Sources */,
				BE1F6A011FB2D828007A9C1A /* Notification.swift in Sources */,
				BE1F69F91FB1B3B7007A9C1A /* StationCell.swift in Sources */,
				BE1F69F51FB196CC007A9C1A /* DiskJockey.swift in Sources */,
				BE9394AE1FA9DB220017407E /* CustomMapOverlay.swift in Sources */,
				BE50FBE41FA4AC3F00187750 /* DetailController.swift in Sources */,
				BE22C2181FA34D2B008D7659 /* Constants.swift in Sources */,
				BE56BCE51FA92C1C00303B70 /* DateTranslator.swift in Sources */,
				BE1F69FD1FB220EA007A9C1A /* State.swift in Sources */,
				BEF3FA641FBEF0C000365A0A /* BadgeExtension.swift in Sources */,
			);
			runOnlyForDeploymentPostprocessing = 0;
		};
/* End PBXSourcesBuildPhase section */

/* Begin PBXTargetDependency section */
		BE4A2DC31FB061AA00044D90 /* PBXTargetDependency */ = {
			isa = PBXTargetDependency;
			target = BE4A2DB71FB061AA00044D90 /* pollutionTodayExtension */;
			targetProxy = BE4A2DC21FB061AA00044D90 /* PBXContainerItemProxy */;
		};
/* End PBXTargetDependency section */

/* Begin PBXVariantGroup section */
		BE4A2DBE1FB061AA00044D90 /* MainInterface.storyboard */ = {
			isa = PBXVariantGroup;
			children = (
				BE4A2DBF1FB061AA00044D90 /* Base */,
			);
			name = MainInterface.storyboard;
			sourceTree = "<group>";
		};
		BE56BCDE1FA9274A00303B70 /* Localizable.strings */ = {
			isa = PBXVariantGroup;
			children = (
				BE56BCDF1FA9274A00303B70 /* Base */,
				BE56BCE31FA9275C00303B70 /* de */,
			);
			name = Localizable.strings;
			sourceTree = "<group>";
		};
		BEE82D8C1FA1C35600BEBAF4 /* Main.storyboard */ = {
			isa = PBXVariantGroup;
			children = (
				BEE82D8D1FA1C35600BEBAF4 /* Base */,
				BE1F6A081FB31EDD007A9C1A /* en */,
				BE1F6A0A1FB31EDF007A9C1A /* de */,
			);
			name = Main.storyboard;
			sourceTree = "<group>";
		};
		BEE82D911FA1C35600BEBAF4 /* LaunchScreen.storyboard */ = {
			isa = PBXVariantGroup;
			children = (
				BEE82D921FA1C35600BEBAF4 /* Base */,
				BE56BCE21FA9275C00303B70 /* de */,
			);
			name = LaunchScreen.storyboard;
			sourceTree = "<group>";
		};
/* End PBXVariantGroup section */

/* Begin XCBuildConfiguration section */
		BE4A2DC61FB061AA00044D90 /* Debug */ = {
			isa = XCBuildConfiguration;
			baseConfigurationReference = B7C8E0F75A7FB48BDCBF5DD4 /* Pods-pollutionTodayExtension.debug.xcconfig */;
			buildSettings = {
				CODE_SIGN_ENTITLEMENTS = pollutionTodayExtension/pollutionTodayExtension.entitlements;
				CODE_SIGN_STYLE = Automatic;
				DEVELOPMENT_TEAM = S36925NV4E;
				INFOPLIST_FILE = pollutionTodayExtension/Info.plist;
				IPHONEOS_DEPLOYMENT_TARGET = 9.0;
				LD_RUNPATH_SEARCH_PATHS = "$(inherited) @executable_path/Frameworks @executable_path/../../Frameworks";
				PRODUCT_BUNDLE_IDENTIFIER = pollution.pollutionTodayExtension;
				PRODUCT_NAME = "$(TARGET_NAME)";
				SKIP_INSTALL = YES;
				SWIFT_VERSION = 4.0;
				TARGETED_DEVICE_FAMILY = "1,2";
			};
			name = Debug;
		};
		BE4A2DC71FB061AA00044D90 /* Release */ = {
			isa = XCBuildConfiguration;
			baseConfigurationReference = 3E7595308F0FEDF8F41E705E /* Pods-pollutionTodayExtension.release.xcconfig */;
			buildSettings = {
				CODE_SIGN_ENTITLEMENTS = pollutionTodayExtension/pollutionTodayExtension.entitlements;
				CODE_SIGN_STYLE = Automatic;
				DEVELOPMENT_TEAM = S36925NV4E;
				INFOPLIST_FILE = pollutionTodayExtension/Info.plist;
				IPHONEOS_DEPLOYMENT_TARGET = 9.0;
				LD_RUNPATH_SEARCH_PATHS = "$(inherited) @executable_path/Frameworks @executable_path/../../Frameworks";
				PRODUCT_BUNDLE_IDENTIFIER = pollution.pollutionTodayExtension;
				PRODUCT_NAME = "$(TARGET_NAME)";
				SKIP_INSTALL = YES;
				SWIFT_VERSION = 4.0;
				TARGETED_DEVICE_FAMILY = "1,2";
			};
			name = Release;
		};
		BEE82D951FA1C35600BEBAF4 /* Debug */ = {
			isa = XCBuildConfiguration;
			buildSettings = {
				ALWAYS_SEARCH_USER_PATHS = NO;
				CLANG_ANALYZER_LOCALIZABILITY_NONLOCALIZED = YES;
				CLANG_ANALYZER_NONNULL = YES;
				CLANG_ANALYZER_NUMBER_OBJECT_CONVERSION = YES_AGGRESSIVE;
				CLANG_CXX_LANGUAGE_STANDARD = "gnu++14";
				CLANG_CXX_LIBRARY = "libc++";
				CLANG_ENABLE_MODULES = YES;
				CLANG_ENABLE_OBJC_ARC = YES;
				CLANG_WARN_BLOCK_CAPTURE_AUTORELEASING = YES;
				CLANG_WARN_BOOL_CONVERSION = YES;
				CLANG_WARN_COMMA = YES;
				CLANG_WARN_CONSTANT_CONVERSION = YES;
				CLANG_WARN_DIRECT_OBJC_ISA_USAGE = YES_ERROR;
				CLANG_WARN_DOCUMENTATION_COMMENTS = YES;
				CLANG_WARN_EMPTY_BODY = YES;
				CLANG_WARN_ENUM_CONVERSION = YES;
				CLANG_WARN_INFINITE_RECURSION = YES;
				CLANG_WARN_INT_CONVERSION = YES;
				CLANG_WARN_NON_LITERAL_NULL_CONVERSION = YES;
				CLANG_WARN_OBJC_LITERAL_CONVERSION = YES;
				CLANG_WARN_OBJC_ROOT_CLASS = YES_ERROR;
				CLANG_WARN_RANGE_LOOP_ANALYSIS = YES;
				CLANG_WARN_STRICT_PROTOTYPES = YES;
				CLANG_WARN_SUSPICIOUS_MOVE = YES;
				CLANG_WARN_UNGUARDED_AVAILABILITY = YES_AGGRESSIVE;
				CLANG_WARN_UNREACHABLE_CODE = YES;
				CLANG_WARN__DUPLICATE_METHOD_MATCH = YES;
				CODE_SIGN_IDENTITY = "iPhone Developer";
				COPY_PHASE_STRIP = NO;
				DEBUG_INFORMATION_FORMAT = dwarf;
				ENABLE_STRICT_OBJC_MSGSEND = YES;
				ENABLE_TESTABILITY = YES;
				GCC_C_LANGUAGE_STANDARD = gnu11;
				GCC_DYNAMIC_NO_PIC = NO;
				GCC_NO_COMMON_BLOCKS = YES;
				GCC_OPTIMIZATION_LEVEL = 0;
				GCC_PREPROCESSOR_DEFINITIONS = (
					"DEBUG=1",
					"$(inherited)",
				);
				GCC_WARN_64_TO_32_BIT_CONVERSION = YES;
				GCC_WARN_ABOUT_RETURN_TYPE = YES_ERROR;
				GCC_WARN_UNDECLARED_SELECTOR = YES;
				GCC_WARN_UNINITIALIZED_AUTOS = YES_AGGRESSIVE;
				GCC_WARN_UNUSED_FUNCTION = YES;
				GCC_WARN_UNUSED_VARIABLE = YES;
				IPHONEOS_DEPLOYMENT_TARGET = 9.0;
				MTL_ENABLE_DEBUG_INFO = YES;
				ONLY_ACTIVE_ARCH = YES;
				SDKROOT = iphoneos;
				SWIFT_ACTIVE_COMPILATION_CONDITIONS = DEBUG;
				SWIFT_OPTIMIZATION_LEVEL = "-Onone";
			};
			name = Debug;
		};
		BEE82D961FA1C35600BEBAF4 /* Release */ = {
			isa = XCBuildConfiguration;
			buildSettings = {
				ALWAYS_SEARCH_USER_PATHS = NO;
				CLANG_ANALYZER_LOCALIZABILITY_NONLOCALIZED = YES;
				CLANG_ANALYZER_NONNULL = YES;
				CLANG_ANALYZER_NUMBER_OBJECT_CONVERSION = YES_AGGRESSIVE;
				CLANG_CXX_LANGUAGE_STANDARD = "gnu++14";
				CLANG_CXX_LIBRARY = "libc++";
				CLANG_ENABLE_MODULES = YES;
				CLANG_ENABLE_OBJC_ARC = YES;
				CLANG_WARN_BLOCK_CAPTURE_AUTORELEASING = YES;
				CLANG_WARN_BOOL_CONVERSION = YES;
				CLANG_WARN_COMMA = YES;
				CLANG_WARN_CONSTANT_CONVERSION = YES;
				CLANG_WARN_DIRECT_OBJC_ISA_USAGE = YES_ERROR;
				CLANG_WARN_DOCUMENTATION_COMMENTS = YES;
				CLANG_WARN_EMPTY_BODY = YES;
				CLANG_WARN_ENUM_CONVERSION = YES;
				CLANG_WARN_INFINITE_RECURSION = YES;
				CLANG_WARN_INT_CONVERSION = YES;
				CLANG_WARN_NON_LITERAL_NULL_CONVERSION = YES;
				CLANG_WARN_OBJC_LITERAL_CONVERSION = YES;
				CLANG_WARN_OBJC_ROOT_CLASS = YES_ERROR;
				CLANG_WARN_RANGE_LOOP_ANALYSIS = YES;
				CLANG_WARN_STRICT_PROTOTYPES = YES;
				CLANG_WARN_SUSPICIOUS_MOVE = YES;
				CLANG_WARN_UNGUARDED_AVAILABILITY = YES_AGGRESSIVE;
				CLANG_WARN_UNREACHABLE_CODE = YES;
				CLANG_WARN__DUPLICATE_METHOD_MATCH = YES;
				CODE_SIGN_IDENTITY = "iPhone Developer";
				COPY_PHASE_STRIP = NO;
				DEBUG_INFORMATION_FORMAT = "dwarf-with-dsym";
				ENABLE_NS_ASSERTIONS = NO;
				ENABLE_STRICT_OBJC_MSGSEND = YES;
				GCC_C_LANGUAGE_STANDARD = gnu11;
				GCC_NO_COMMON_BLOCKS = YES;
				GCC_WARN_64_TO_32_BIT_CONVERSION = YES;
				GCC_WARN_ABOUT_RETURN_TYPE = YES_ERROR;
				GCC_WARN_UNDECLARED_SELECTOR = YES;
				GCC_WARN_UNINITIALIZED_AUTOS = YES_AGGRESSIVE;
				GCC_WARN_UNUSED_FUNCTION = YES;
				GCC_WARN_UNUSED_VARIABLE = YES;
				IPHONEOS_DEPLOYMENT_TARGET = 9.0;
				MTL_ENABLE_DEBUG_INFO = NO;
				SDKROOT = iphoneos;
				SWIFT_OPTIMIZATION_LEVEL = "-Owholemodule";
				VALIDATE_PRODUCT = YES;
			};
			name = Release;
		};
		BEE82D981FA1C35600BEBAF4 /* Debug */ = {
			isa = XCBuildConfiguration;
			baseConfigurationReference = 17EFE4498692B5A74E153168 /* Pods-pollution.debug.xcconfig */;
			buildSettings = {
				ALWAYS_EMBED_SWIFT_STANDARD_LIBRARIES = YES;
				ASSETCATALOG_COMPILER_APPICON_NAME = AppIcon;
				CODE_SIGN_ENTITLEMENTS = pollution/pollution.entitlements;
				CODE_SIGN_STYLE = Automatic;
				DEVELOPMENT_TEAM = S36925NV4E;
				INFOPLIST_FILE = pollution/Info.plist;
				IPHONEOS_DEPLOYMENT_TARGET = 9.0;
				LD_RUNPATH_SEARCH_PATHS = "$(inherited) @executable_path/Frameworks";
				PRODUCT_BUNDLE_IDENTIFIER = pollution;
				PRODUCT_NAME = "$(TARGET_NAME)";
				SWIFT_VERSION = 4.0;
				TARGETED_DEVICE_FAMILY = "1,2";
			};
			name = Debug;
		};
		BEE82D991FA1C35600BEBAF4 /* Release */ = {
			isa = XCBuildConfiguration;
			baseConfigurationReference = F95E6C92C1F242651009C969 /* Pods-pollution.release.xcconfig */;
			buildSettings = {
				ALWAYS_EMBED_SWIFT_STANDARD_LIBRARIES = YES;
				ASSETCATALOG_COMPILER_APPICON_NAME = AppIcon;
				CODE_SIGN_ENTITLEMENTS = pollution/pollution.entitlements;
				CODE_SIGN_STYLE = Automatic;
				DEVELOPMENT_TEAM = S36925NV4E;
				INFOPLIST_FILE = pollution/Info.plist;
				IPHONEOS_DEPLOYMENT_TARGET = 9.0;
				LD_RUNPATH_SEARCH_PATHS = "$(inherited) @executable_path/Frameworks";
				PRODUCT_BUNDLE_IDENTIFIER = pollution;
				PRODUCT_NAME = "$(TARGET_NAME)";
				SWIFT_VERSION = 4.0;
				TARGETED_DEVICE_FAMILY = "1,2";
			};
			name = Release;
		};
/* End XCBuildConfiguration section */

/* Begin XCConfigurationList section */
		BE4A2DC51FB061AA00044D90 /* Build configuration list for PBXNativeTarget "pollutionTodayExtension" */ = {
			isa = XCConfigurationList;
			buildConfigurations = (
				BE4A2DC61FB061AA00044D90 /* Debug */,
				BE4A2DC71FB061AA00044D90 /* Release */,
			);
			defaultConfigurationIsVisible = 0;
			defaultConfigurationName = Release;
		};
		BEE82D801FA1C35600BEBAF4 /* Build configuration list for PBXProject "pollution" */ = {
			isa = XCConfigurationList;
			buildConfigurations = (
				BEE82D951FA1C35600BEBAF4 /* Debug */,
				BEE82D961FA1C35600BEBAF4 /* Release */,
			);
			defaultConfigurationIsVisible = 0;
			defaultConfigurationName = Release;
		};
		BEE82D971FA1C35600BEBAF4 /* Build configuration list for PBXNativeTarget "pollution" */ = {
			isa = XCConfigurationList;
			buildConfigurations = (
				BEE82D981FA1C35600BEBAF4 /* Debug */,
				BEE82D991FA1C35600BEBAF4 /* Release */,
			);
			defaultConfigurationIsVisible = 0;
			defaultConfigurationName = Release;
		};
/* End XCConfigurationList section */
	};
	rootObject = BEE82D7D1FA1C35600BEBAF4 /* Project object */;
}
