// !$*UTF8*$!
{
	archiveVersion = 1;
	classes = {
	};
	objectVersion = 48;
	objects = {

/* Begin PBXBuildFile section */
		BEE82D891FA1C35600BEBAF4 /* AppDelegate.swift in Sources */ = {isa = PBXBuildFile; fileRef = BEE82D881FA1C35600BEBAF4 /* AppDelegate.swift */; };
		BEE82D8B1FA1C35600BEBAF4 /* ViewController.swift in Sources */ = {isa = PBXBuildFile; fileRef = BEE82D8A1FA1C35600BEBAF4 /* ViewController.swift */; };
		BEE82D8E1FA1C35600BEBAF4 /* Main.storyboard in Resources */ = {isa = PBXBuildFile; fileRef = BEE82D8C1FA1C35600BEBAF4 /* Main.storyboard */; };
		BEE82D901FA1C35600BEBAF4 /* Assets.xcassets in Resources */ = {isa = PBXBuildFile; fileRef = BEE82D8F1FA1C35600BEBAF4 /* Assets.xcassets */; };
		BEE82D931FA1C35600BEBAF4 /* LaunchScreen.storyboard in Resources */ = {isa = PBXBuildFile; fileRef = BEE82D911FA1C35600BEBAF4 /* LaunchScreen.storyboard */; };
/* End PBXBuildFile section */

/* Begin PBXFileReference section */
		BEE82D851FA1C35600BEBAF4 /* pollution.app */ = {isa = PBXFileReference; explicitFileType = wrapper.application; includeInIndex = 0; path = pollution.app; sourceTree = BUILT_PRODUCTS_DIR; };
		BEE82D881FA1C35600BEBAF4 /* AppDelegate.swift */ = {isa = PBXFileReference; lastKnownFileType = sourcecode.swift; path = AppDelegate.swift; sourceTree = "<group>"; };
		BEE82D8A1FA1C35600BEBAF4 /* ViewController.swift */ = {isa = PBXFileReference; lastKnownFileType = sourcecode.swift; path = ViewController.swift; sourceTree = "<group>"; };
		BEE82D8D1FA1C35600BEBAF4 /* Base */ = {isa = PBXFileReference; lastKnownFileType = file.storyboard; name = Base; path = Base.lproj/Main.storyboard; sourceTree = "<group>"; };
		BEE82D8F1FA1C35600BEBAF4 /* Assets.xcassets */ = {isa = PBXFileReference; lastKnownFileType = folder.assetcatalog; path = Assets.xcassets; sourceTree = "<group>"; };
		BEE82D921FA1C35600BEBAF4 /* Base */ = {isa = PBXFileReference; lastKnownFileType = file.storyboard; name = Base; path = Base.lproj/LaunchScreen.storyboard; sourceTree = "<group>"; };
		BEE82D941FA1C35600BEBAF4 /* Info.plist */ = {isa = PBXFileReference; lastKnownFileType = text.plist.xml; path = Info.plist; sourceTree = "<group>"; };
/* End PBXFileReference section */

/* Begin PBXFrameworksBuildPhase section */
		BEE82D821FA1C35600BEBAF4 /* Frameworks */ = {
			isa = PBXFrameworksBuildPhase;
			buildActionMask = 2147483647;
			files = (
			);
			runOnlyForDeploymentPostprocessing = 0;
		};
/* End PBXFrameworksBuildPhase section */

/* Begin PBXGroup section */
		BEE82D7C1FA1C35600BEBAF4 = {
			isa = PBXGroup;
			children = (
				BEE82D871FA1C35600BEBAF4 /* pollution */,
				BEE82D861FA1C35600BEBAF4 /* Products */,
			);
			sourceTree = "<group>";
		};
		BEE82D861FA1C35600BEBAF4 /* Products */ = {
			isa = PBXGroup;
			children = (
				BEE82D851FA1C35600BEBAF4 /* pollution.app */,
			);
			name = Products;
			sourceTree = "<group>";
		};
		BEE82D871FA1C35600BEBAF4 /* pollution */ = {
			isa = PBXGroup;
			children = (
				BEE82D881FA1C35600BEBAF4 /* AppDelegate.swift */,
				BEE82D8A1FA1C35600BEBAF4 /* ViewController.swift */,
				BEE82D8C1FA1C35600BEBAF4 /* Main.storyboard */,
				BEE82D8F1FA1C35600BEBAF4 /* Assets.xcassets */,
				BEE82D911FA1C35600BEBAF4 /* LaunchScreen.storyboard */,
				BEE82D941FA1C35600BEBAF4 /* Info.plist */,
			);
			path = pollution;
			sourceTree = "<group>";
		};
/* End PBXGroup section */

/* Begin PBXNativeTarget section */
		BEE82D841FA1C35600BEBAF4 /* pollution */ = {
			isa = PBXNativeTarget;
			buildConfigurationList = BEE82D971FA1C35600BEBAF4 /* Build configuration list for PBXNativeTarget "pollution" */;
			buildPhases = (
				BEE82D811FA1C35600BEBAF4 /* Sources */,
				BEE82D821FA1C35600BEBAF4 /* Frameworks */,
				BEE82D831FA1C35600BEBAF4 /* Resources */,
			);
			buildRules = (
			);
			dependencies = (
			);
			name = pollution;
			productName = pollution;
			productReference = BEE82D851FA1C35600BEBAF4 /* pollution.app */;
			productType = "com.apple.product-type.application";
		};
/* End PBXNativeTarget section */

/* Begin PBXProject section */
		BEE82D7D1FA1C35600BEBAF4 /* Project object */ = {
			isa = PBXProject;
			attributes = {
				LastSwiftUpdateCheck = 0900;
				LastUpgradeCheck = 0900;
				ORGANIZATIONNAME = "Philipp Matthes";
				TargetAttributes = {
					BEE82D841FA1C35600BEBAF4 = {
						CreatedOnToolsVersion = 9.0;
						ProvisioningStyle = Automatic;
					};
				};
			};
			buildConfigurationList = BEE82D801FA1C35600BEBAF4 /* Build configuration list for PBXProject "pollution" */;
			compatibilityVersion = "Xcode 8.0";
			developmentRegion = en;
			hasScannedForEncodings = 0;
			knownRegions = (
				en,
				Base,
			);
			mainGroup = BEE82D7C1FA1C35600BEBAF4;
			productRefGroup = BEE82D861FA1C35600BEBAF4 /* Products */;
			projectDirPath = "";
			projectRoot = "";
			targets = (
				BEE82D841FA1C35600BEBAF4 /* pollution */,
			);
		};
/* End PBXProject section */

/* Begin PBXResourcesBuildPhase section */
		BEE82D831FA1C35600BEBAF4 /* Resources */ = {
			isa = PBXResourcesBuildPhase;
			buildActionMask = 2147483647;
			files = (
				BEE82D931FA1C35600BEBAF4 /* LaunchScreen.storyboard in Resources */,
				BEE82D901FA1C35600BEBAF4 /* Assets.xcassets in Resources */,
				BEE82D8E1FA1C35600BEBAF4 /* Main.storyboard in Resources */,
			);
			runOnlyForDeploymentPostprocessing = 0;
		};
/* End PBXResourcesBuildPhase section */

/* Begin PBXSourcesBuildPhase section */
		BEE82D811FA1C35600BEBAF4 /* Sources */ = {
			isa = PBXSourcesBuildPhase;
			buildActionMask = 2147483647;
			files = (
				BEE82D8B1FA1C35600BEBAF4 /* ViewController.swift in Sources */,
				BEE82D891FA1C35600BEBAF4 /* AppDelegate.swift in Sources */,
			);
			runOnlyForDeploymentPostprocessing = 0;
		};
/* End PBXSourcesBuildPhase section */

/* Begin PBXVariantGroup section */
		BEE82D8C1FA1C35600BEBAF4 /* Main.storyboard */ = {
			isa = PBXVariantGroup;
			children = (
				BEE82D8D1FA1C35600BEBAF4 /* Base */,
			);
			name = Main.storyboard;
			sourceTree = "<group>";
		};
		BEE82D911FA1C35600BEBAF4 /* LaunchScreen.storyboard */ = {
			isa = PBXVariantGroup;
			children = (
				BEE82D921FA1C35600BEBAF4 /* Base */,
			);
			name = LaunchScreen.storyboard;
			sourceTree = "<group>";
		};
/* End PBXVariantGroup section */

/* Begin XCBuildConfiguration section */
		BEE82D951FA1C35600BEBAF4 /* Debug */ = {
			isa = XCBuildConfiguration;
			buildSettings = {
				ALWAYS_SEARCH_USER_PATHS = NO;
				CLANG_ANALYZER_NONNULL = YES;
				CLANG_ANALYZER_NUMBER_OBJECT_CONVERSION = YES_AGGRESSIVE;
				CLANG_CXX_LANGUAGE_STANDARD = "gnu++14";
				CLANG_CXX_LIBRARY = "libc++";
				CLANG_ENABLE_MODULES = YES;
				CLANG_ENABLE_OBJC_ARC = YES;
				CLANG_WARN_BLOCK_CAPTURE_AUTORELEASING = YES;
				CLANG_WARN_BOOL_CONVERSION = YES;
				CLANG_WARN_COMMA = YES;
				CLANG_WARN_CONSTANT_CONVERSION = YES;
				CLANG_WARN_DIRECT_OBJC_ISA_USAGE = YES_ERROR;
				CLANG_WARN_DOCUMENTATION_COMMENTS = YES;
				CLANG_WARN_EMPTY_BODY = YES;
				CLANG_WARN_ENUM_CONVERSION = YES;
				CLANG_WARN_INFINITE_RECURSION = YES;
				CLANG_WARN_INT_CONVERSION = YES;
				CLANG_WARN_NON_LITERAL_NULL_CONVERSION = YES;
				CLANG_WARN_OBJC_LITERAL_CONVERSION = YES;
				CLANG_WARN_OBJC_ROOT_CLASS = YES_ERROR;
				CLANG_WARN_RANGE_LOOP_ANALYSIS = YES;
				CLANG_WARN_STRICT_PROTOTYPES = YES;
				CLANG_WARN_SUSPICIOUS_MOVE = YES;
				CLANG_WARN_UNGUARDED_AVAILABILITY = YES_AGGRESSIVE;
				CLANG_WARN_UNREACHABLE_CODE = YES;
				CLANG_WARN__DUPLICATE_METHOD_MATCH = YES;
				CODE_SIGN_IDENTITY = "iPhone Developer";
				COPY_PHASE_STRIP = NO;
				DEBUG_INFORMATION_FORMAT = dwarf;
				ENABLE_STRICT_OBJC_MSGSEND = YES;
				ENABLE_TESTABILITY = YES;
				GCC_C_LANGUAGE_STANDARD = gnu11;
				GCC_DYNAMIC_NO_PIC = NO;
				GCC_NO_COMMON_BLOCKS = YES;
				GCC_OPTIMIZATION_LEVEL = 0;
				GCC_PREPROCESSOR_DEFINITIONS = (
					"DEBUG=1",
					"$(inherited)",
				);
				GCC_WARN_64_TO_32_BIT_CONVERSION = YES;
				GCC_WARN_ABOUT_RETURN_TYPE = YES_ERROR;
				GCC_WARN_UNDECLARED_SELECTOR = YES;
				GCC_WARN_UNINITIALIZED_AUTOS = YES_AGGRESSIVE;
				GCC_WARN_UNUSED_FUNCTION = YES;
				GCC_WARN_UNUSED_VARIABLE = YES;
				IPHONEOS_DEPLOYMENT_TARGET = 11.0;
				MTL_ENABLE_DEBUG_INFO = YES;
				ONLY_ACTIVE_ARCH = YES;
				SDKROOT = iphoneos;
				SWIFT_ACTIVE_COMPILATION_CONDITIONS = DEBUG;
				SWIFT_OPTIMIZATION_LEVEL = "-Onone";
			};
			name = Debug;
		};
		BEE82D961FA1C35600BEBAF4 /* Release */ = {
			isa = XCBuildConfiguration;
			buildSettings = {
				ALWAYS_SEARCH_USER_PATHS = NO;
				CLANG_ANALYZER_NONNULL = YES;
				CLANG_ANALYZER_NUMBER_OBJECT_CONVERSION = YES_AGGRESSIVE;
				CLANG_CXX_LANGUAGE_STANDARD = "gnu++14";
				CLANG_CXX_LIBRARY = "libc++";
				CLANG_ENABLE_MODULES = YES;
				CLANG_ENABLE_OBJC_ARC = YES;
				CLANG_WARN_BLOCK_CAPTURE_AUTORELEASING = YES;
				CLANG_WARN_BOOL_CONVERSION = YES;
				CLANG_WARN_COMMA = YES;
				CLANG_WARN_CONSTANT_CONVERSION = YES;
				CLANG_WARN_DIRECT_OBJC_ISA_USAGE = YES_ERROR;
				CLANG_WARN_DOCUMENTATION_COMMENTS = YES;
				CLANG_WARN_EMPTY_BODY = YES;
				CLANG_WARN_ENUM_CONVERSION = YES;
				CLANG_WARN_INFINITE_RECURSION = YES;
				CLANG_WARN_INT_CONVERSION = YES;
				CLANG_WARN_NON_LITERAL_NULL_CONVERSION = YES;
				CLANG_WARN_OBJC_LITERAL_CONVERSION = YES;
				CLANG_WARN_OBJC_ROOT_CLASS = YES_ERROR;
				CLANG_WARN_RANGE_LOOP_ANALYSIS = YES;
				CLANG_WARN_STRICT_PROTOTYPES = YES;
				CLANG_WARN_SUSPICIOUS_MOVE = YES;
				CLANG_WARN_UNGUARDED_AVAILABILITY = YES_AGGRESSIVE;
				CLANG_WARN_UNREACHABLE_CODE = YES;
				CLANG_WARN__DUPLICATE_METHOD_MATCH = YES;
				CODE_SIGN_IDENTITY = "iPhone Developer";
				COPY_PHASE_STRIP = NO;
				DEBUG_INFORMATION_FORMAT = "dwarf-with-dsym";
				ENABLE_NS_ASSERTIONS = NO;
				ENABLE_STRICT_OBJC_MSGSEND = YES;
				GCC_C_LANGUAGE_STANDARD = gnu11;
				GCC_NO_COMMON_BLOCKS = YES;
				GCC_WARN_64_TO_32_BIT_CONVERSION = YES;
				GCC_WARN_ABOUT_RETURN_TYPE = YES_ERROR;
				GCC_WARN_UNDECLARED_SELECTOR = YES;
				GCC_WARN_UNINITIALIZED_AUTOS = YES_AGGRESSIVE;
				GCC_WARN_UNUSED_FUNCTION = YES;
				GCC_WARN_UNUSED_VARIABLE = YES;
				IPHONEOS_DEPLOYMENT_TARGET = 11.0;
				MTL_ENABLE_DEBUG_INFO = NO;
				SDKROOT = iphoneos;
				SWIFT_OPTIMIZATION_LEVEL = "-Owholemodule";
				VALIDATE_PRODUCT = YES;
			};
			name = Release;
		};
		BEE82D981FA1C35600BEBAF4 /* Debug */ = {
			isa = XCBuildConfiguration;
			buildSettings = {
				ASSETCATALOG_COMPILER_APPICON_NAME = AppIcon;
				CODE_SIGN_STYLE = Automatic;
				DEVELOPMENT_TEAM = S36925NV4E;
				INFOPLIST_FILE = pollution/Info.plist;
				LD_RUNPATH_SEARCH_PATHS = "$(inherited) @executable_path/Frameworks";
				PRODUCT_BUNDLE_IDENTIFIER = com.example.pollution;
				PRODUCT_NAME = "$(TARGET_NAME)";
				SWIFT_VERSION = 4.0;
				TARGETED_DEVICE_FAMILY = "1,2";
			};
			name = Debug;
		};
		BEE82D991FA1C35600BEBAF4 /* Release */ = {
			isa = XCBuildConfiguration;
			buildSettings = {
				ASSETCATALOG_COMPILER_APPICON_NAME = AppIcon;
				CODE_SIGN_STYLE = Automatic;
				DEVELOPMENT_TEAM = S36925NV4E;
				INFOPLIST_FILE = pollution/Info.plist;
				LD_RUNPATH_SEARCH_PATHS = "$(inherited) @executable_path/Frameworks";
				PRODUCT_BUNDLE_IDENTIFIER = com.example.pollution;
				PRODUCT_NAME = "$(TARGET_NAME)";
				SWIFT_VERSION = 4.0;
				TARGETED_DEVICE_FAMILY = "1,2";
			};
			name = Release;
		};
/* End XCBuildConfiguration section */

/* Begin XCConfigurationList section */
		BEE82D801FA1C35600BEBAF4 /* Build configuration list for PBXProject "pollution" */ = {
			isa = XCConfigurationList;
			buildConfigurations = (
				BEE82D951FA1C35600BEBAF4 /* Debug */,
				BEE82D961FA1C35600BEBAF4 /* Release */,
			);
			defaultConfigurationIsVisible = 0;
			defaultConfigurationName = Release;
		};
		BEE82D971FA1C35600BEBAF4 /* Build configuration list for PBXNativeTarget "pollution" */ = {
			isa = XCConfigurationList;
			buildConfigurations = (
				BEE82D981FA1C35600BEBAF4 /* Debug */,
				BEE82D991FA1C35600BEBAF4 /* Release */,
			);
			defaultConfigurationIsVisible = 0;
			defaultConfigurationName = Release;
		};
/* End XCConfigurationList section */
	};
	rootObject = BEE82D7D1FA1C35600BEBAF4 /* Project object */;
}
